Microsoft Visual Studio Solution File, Format Version 11.00
# Visual Studio 2008

Project("{12685C3D-0E8D-F2DF-5010-248C13E5F1D6}") = "KeyboardDemo", "Assembly-CSharp.csproj", "{E8E3FEC5-9F1E-6E00-F127-D380AECB56B3}"
EndProject
Global
	GlobalSection(SolutionConfigurationPlatforms) = preSolution
		Debug|Any CPU = Debug|Any CPU
		Release|Any CPU = Release|Any CPU
	EndGlobalSection
	GlobalSection(ProjectConfigurationPlatforms) = postSolution
		{E8E3FEC5-9F1E-6E00-F127-D380AECB56B3}.Debug|Any CPU.ActiveCfg = Debug|Any CPU
		{E8E3FEC5-9F1E-6E00-F127-D380AECB56B3}.Debug|Any CPU.Build.0 = Debug|Any CPU
		{E8E3FEC5-9F1E-6E00-F127-D380AECB56B3}.Release|Any CPU.ActiveCfg = Release|Any CPU
		{E8E3FEC5-9F1E-6E00-F127-D380AECB56B3}.Release|Any CPU.Build.0 = Release|Any CPU
	EndGlobalSection
	GlobalSection(SolutionProperties) = preSolution
		HideSolutionNode = FALSE
	EndGlobalSection
	GlobalSection(MonoDevelopProperties) = preSolution
		StartupItem = Assembly-CSharp.csproj
	EndGlobalSection
EndGlobal
